
Microsoft Visual Studio Solution File, Format Version 12.00
# Visual Studio Version 17
VisualStudioVersion = 17.2.32519.379
MinimumVisualStudioVersion = 10.0.40219.1
Project("{FAE04EC0-301F-11D3-BF4B-00C04F79EFBC}") = "Hello World WPF", "Hello World WPF\Hello World WPF.csproj", "{0D870112-99D4-4A17-93B3-162C9841CABD}"
EndProject
Global
	GlobalSection(SolutionConfigurationPlatforms) = preSolution
		Debug|Any CPU = Debug|Any CPU
		Release|Any CPU = Release|Any CPU
	EndGlobalSection
	GlobalSection(ProjectConfigurationPlatforms) = postSolution
		{0D870112-99D4-4A17-93B3-162C9841CABD}.Debug|Any CPU.ActiveCfg = Debug|Any CPU
		{0D870112-99D4-4A17-93B3-162C9841CABD}.Debug|Any CPU.Build.0 = Debug|Any CPU
		{0D870112-99D4-4A17-93B3-162C9841CABD}.Release|Any CPU.ActiveCfg = Release|Any CPU
		{0D870112-99D4-4A17-93B3-162C9841CABD}.Release|Any CPU.Build.0 = Release|Any CPU
	EndGlobalSection
	GlobalSection(SolutionProperties) = preSolution
		HideSolutionNode = FALSE
	EndGlobalSection
	GlobalSection(ExtensibilityGlobals) = postSolution
		SolutionGuid = {5A661274-3487-473F-BEF5-2A2993B26136}
	EndGlobalSection
EndGlobal
